
Microsoft Visual Studio Solution File, Format Version 12.00
# Visual Studio Version 17
VisualStudioVersion = 17.11.35303.130
MinimumVisualStudioVersion = 10.0.40219.1
Project("{9A19103F-16F7-4668-BE54-9A1E7A4F7556}") = "Crud_FIAP_Debora_Krikowski", "Crud_FIAP_Debora_Krikowski.csproj", "{54FC1516-47A0-4748-A28A-EF74AD24DABD}"
EndProject
Project("{9A19103F-16F7-4668-BE54-9A1E7A4F7556}") = "Crud_FIAP_Tests", "..\Crud_FIAP_Tests\Crud_FIAP_Tests.csproj", "{4FB55BF5-A457-41B4-A9E4-AD495DFBDB04}"
EndProject
Global
	GlobalSection(SolutionConfigurationPlatforms) = preSolution
		Debug|Any CPU = Debug|Any CPU
		Release|Any CPU = Release|Any CPU
	EndGlobalSection
	GlobalSection(ProjectConfigurationPlatforms) = postSolution
		{54FC1516-47A0-4748-A28A-EF74AD24DABD}.Debug|Any CPU.ActiveCfg = Debug|Any CPU
		{54FC1516-47A0-4748-A28A-EF74AD24DABD}.Debug|Any CPU.Build.0 = Debug|Any CPU
		{54FC1516-47A0-4748-A28A-EF74AD24DABD}.Release|Any CPU.ActiveCfg = Release|Any CPU
		{54FC1516-47A0-4748-A28A-EF74AD24DABD}.Release|Any CPU.Build.0 = Release|Any CPU
		{4FB55BF5-A457-41B4-A9E4-AD495DFBDB04}.Debug|Any CPU.ActiveCfg = Debug|Any CPU
		{4FB55BF5-A457-41B4-A9E4-AD495DFBDB04}.Debug|Any CPU.Build.0 = Debug|Any CPU
		{4FB55BF5-A457-41B4-A9E4-AD495DFBDB04}.Release|Any CPU.ActiveCfg = Release|Any CPU
		{4FB55BF5-A457-41B4-A9E4-AD495DFBDB04}.Release|Any CPU.Build.0 = Release|Any CPU
	EndGlobalSection
	GlobalSection(SolutionProperties) = preSolution
		HideSolutionNode = FALSE
	EndGlobalSection
	GlobalSection(ExtensibilityGlobals) = postSolution
		SolutionGuid = {D2DFE303-A21C-4DC9-99C4-C0A352B8AAC4}
	EndGlobalSection
EndGlobal
